# This file is automatically @generated by Cargo.
# It is not intended for manual editing.
version = 4

[[package]]
name = "tuit-core"
version = "0.1.0"

[[package]]
name = "tuit-mail"
version = "0.1.0"
dependencies = [
 "tuit-core",
 "tuit-maildir",
 "tuit-tui",
]

[[package]]
name = "tuit-maildir"
version = "0.1.0"
dependencies = [
 "tuit-core",
]

[[package]]
name = "tuit-tui"
version = "0.1.0"
dependencies = [
 "tuit-core",
]
